schema: '2.0'
stages:
  load_data:
    cmd: python src/load_data.py --config=params.yaml
    deps:
    - path: data_given/winquality.csv
      md5: ccc8d3507eb151f53f760d36abdef888
      size: 91998
    - path: src/get_data.py
      md5: 524c67bfd040632909243c51f4bbbe15
      size: 717
    - path: src/load_data.py
      md5: 77772ae69f313ae34a8dac5dc94bb2c9
      size: 690
    outs:
    - path: data/raw/winquality.csv
      md5: d98e8f2eca228c11c4de1cc96866a54d
      size: 93598
